
Microsoft Visual Studio Solution File, Format Version 12.00
# Visual Studio Version 16
VisualStudioVersion = 16.0.30413.136
MinimumVisualStudioVersion = 10.0.40219.1
Project("{FAE04EC0-301F-11D3-BF4B-00C04F79EFBC}") = "5NIT_ConsApp_VoorbeeldBibliotheken", "5NIT_ConsApp_VoorbeeldBibliotheken\5NIT_ConsApp_VoorbeeldBibliotheken.csproj", "{0C4308B7-8543-4CDF-8880-EFDEE18E1868}"
EndProject
Global
	GlobalSection(SolutionConfigurationPlatforms) = preSolution
		Debug|Any CPU = Debug|Any CPU
		Release|Any CPU = Release|Any CPU
	EndGlobalSection
	GlobalSection(ProjectConfigurationPlatforms) = postSolution
		{0C4308B7-8543-4CDF-8880-EFDEE18E1868}.Debug|Any CPU.ActiveCfg = Debug|Any CPU
		{0C4308B7-8543-4CDF-8880-EFDEE18E1868}.Debug|Any CPU.Build.0 = Debug|Any CPU
		{0C4308B7-8543-4CDF-8880-EFDEE18E1868}.Release|Any CPU.ActiveCfg = Release|Any CPU
		{0C4308B7-8543-4CDF-8880-EFDEE18E1868}.Release|Any CPU.Build.0 = Release|Any CPU
	EndGlobalSection
	GlobalSection(SolutionProperties) = preSolution
		HideSolutionNode = FALSE
	EndGlobalSection
	GlobalSection(ExtensibilityGlobals) = postSolution
		SolutionGuid = {9A308B1D-0B64-4779-9974-73EB3ED8FA56}
	EndGlobalSection
EndGlobal
